
Microsoft Visual Studio Solution File, Format Version 12.00
# Visual Studio Version 17
VisualStudioVersion = 17.8.34309.116
MinimumVisualStudioVersion = 10.0.40219.1
Project("{FAE04EC0-301F-11D3-BF4B-00C04F79EFBC}") = "AnjeerMusic.Data", "AnjeerMusic.Data\AnjeerMusic.Data.csproj", "{4035D0E7-D201-4AE5-BA50-03A134FBF35E}"
EndProject
Project("{FAE04EC0-301F-11D3-BF4B-00C04F79EFBC}") = "AnjeerMusic.Domain", "AnjeerMusic.Domain\AnjeerMusic.Domain.csproj", "{2B399684-28A2-4C14-8D8A-E6B307556236}"
EndProject
Project("{FAE04EC0-301F-11D3-BF4B-00C04F79EFBC}") = "AnjeerMusic.Service", "AnjeerMusic.Service\AnjeerMusic.Service.csproj", "{E4BE53A4-362E-4DCC-82B0-47F5584C81C0}"
EndProject
Project("{FAE04EC0-301F-11D3-BF4B-00C04F79EFBC}") = "AnjeerMusic.Menu", "AnjeerMusic.Menu\AnjeerMusic.Menu.csproj", "{5F738CB7-EB7B-47DC-B225-663012954C9F}"
EndProject
Project("{FAE04EC0-301F-11D3-BF4B-00C04F79EFBC}") = "AnjeerMusic.Models", "AnjeerMusic.Models\AnjeerMusic.Models.csproj", "{51B73BEE-2896-4057-887F-7184F49231FB}"
EndProject
Global
	GlobalSection(SolutionConfigurationPlatforms) = preSolution
		Debug|Any CPU = Debug|Any CPU
		Release|Any CPU = Release|Any CPU
	EndGlobalSection
	GlobalSection(ProjectConfigurationPlatforms) = postSolution
		{4035D0E7-D201-4AE5-BA50-03A134FBF35E}.Debug|Any CPU.ActiveCfg = Debug|Any CPU
		{4035D0E7-D201-4AE5-BA50-03A134FBF35E}.Debug|Any CPU.Build.0 = Debug|Any CPU
		{4035D0E7-D201-4AE5-BA50-03A134FBF35E}.Release|Any CPU.ActiveCfg = Release|Any CPU
		{4035D0E7-D201-4AE5-BA50-03A134FBF35E}.Release|Any CPU.Build.0 = Release|Any CPU
		{2B399684-28A2-4C14-8D8A-E6B307556236}.Debug|Any CPU.ActiveCfg = Debug|Any CPU
		{2B399684-28A2-4C14-8D8A-E6B307556236}.Debug|Any CPU.Build.0 = Debug|Any CPU
		{2B399684-28A2-4C14-8D8A-E6B307556236}.Release|Any CPU.ActiveCfg = Release|Any CPU
		{2B399684-28A2-4C14-8D8A-E6B307556236}.Release|Any CPU.Build.0 = Release|Any CPU
		{E4BE53A4-362E-4DCC-82B0-47F5584C81C0}.Debug|Any CPU.ActiveCfg = Debug|Any CPU
		{E4BE53A4-362E-4DCC-82B0-47F5584C81C0}.Debug|Any CPU.Build.0 = Debug|Any CPU
		{E4BE53A4-362E-4DCC-82B0-47F5584C81C0}.Release|Any CPU.ActiveCfg = Release|Any CPU
		{E4BE53A4-362E-4DCC-82B0-47F5584C81C0}.Release|Any CPU.Build.0 = Release|Any CPU
		{5F738CB7-EB7B-47DC-B225-663012954C9F}.Debug|Any CPU.ActiveCfg = Debug|Any CPU
		{5F738CB7-EB7B-47DC-B225-663012954C9F}.Debug|Any CPU.Build.0 = Debug|Any CPU
		{5F738CB7-EB7B-47DC-B225-663012954C9F}.Release|Any CPU.ActiveCfg = Release|Any CPU
		{5F738CB7-EB7B-47DC-B225-663012954C9F}.Release|Any CPU.Build.0 = Release|Any CPU
		{51B73BEE-2896-4057-887F-7184F49231FB}.Debug|Any CPU.ActiveCfg = Debug|Any CPU
		{51B73BEE-2896-4057-887F-7184F49231FB}.Debug|Any CPU.Build.0 = Debug|Any CPU
		{51B73BEE-2896-4057-887F-7184F49231FB}.Release|Any CPU.ActiveCfg = Release|Any CPU
		{51B73BEE-2896-4057-887F-7184F49231FB}.Release|Any CPU.Build.0 = Release|Any CPU
	EndGlobalSection
	GlobalSection(SolutionProperties) = preSolution
		HideSolutionNode = FALSE
	EndGlobalSection
	GlobalSection(ExtensibilityGlobals) = postSolution
		SolutionGuid = {F175D6FA-4CEA-416A-80E4-B0BA02597663}
	EndGlobalSection
EndGlobal
